
Microsoft Visual Studio Solution File, Format Version 12.00
# Visual Studio 14
VisualStudioVersion = 14.0.25420.1
MinimumVisualStudioVersion = 10.0.40219.1
Project("{FAE04EC0-301F-11D3-BF4B-00C04F79EFBC}") = "PrepContinuousDeploy02", "PrepContinuousDeploy02\PrepContinuousDeploy02.csproj", "{7316CF6C-9D7F-4BF5-9644-45DE6C3C9403}"
EndProject
Project("{FAE04EC0-301F-11D3-BF4B-00C04F79EFBC}") = "PrepContinuousDeploy02.Tests", "PrepContinuousDeploy02.Tests\PrepContinuousDeploy02.Tests.csproj", "{31E77EAC-4A18-4FD4-BDB5-A62880D110D1}"
EndProject
Global
	GlobalSection(SolutionConfigurationPlatforms) = preSolution
		Debug|Any CPU = Debug|Any CPU
		Release|Any CPU = Release|Any CPU
	EndGlobalSection
	GlobalSection(ProjectConfigurationPlatforms) = postSolution
		{7316CF6C-9D7F-4BF5-9644-45DE6C3C9403}.Debug|Any CPU.ActiveCfg = Debug|Any CPU
		{7316CF6C-9D7F-4BF5-9644-45DE6C3C9403}.Debug|Any CPU.Build.0 = Debug|Any CPU
		{7316CF6C-9D7F-4BF5-9644-45DE6C3C9403}.Release|Any CPU.ActiveCfg = Release|Any CPU
		{7316CF6C-9D7F-4BF5-9644-45DE6C3C9403}.Release|Any CPU.Build.0 = Release|Any CPU
		{31E77EAC-4A18-4FD4-BDB5-A62880D110D1}.Debug|Any CPU.ActiveCfg = Debug|Any CPU
		{31E77EAC-4A18-4FD4-BDB5-A62880D110D1}.Debug|Any CPU.Build.0 = Debug|Any CPU
		{31E77EAC-4A18-4FD4-BDB5-A62880D110D1}.Release|Any CPU.ActiveCfg = Release|Any CPU
		{31E77EAC-4A18-4FD4-BDB5-A62880D110D1}.Release|Any CPU.Build.0 = Release|Any CPU
	EndGlobalSection
	GlobalSection(SolutionProperties) = preSolution
		HideSolutionNode = FALSE
	EndGlobalSection
EndGlobal
